
Microsoft Visual Studio Solution File, Format Version 12.00
# Visual Studio 15
VisualStudioVersion = 15.0.28010.0
MinimumVisualStudioVersion = 10.0.40219.1
Project("{FAE04EC0-301F-11D3-BF4B-00C04F79EFBC}") = "CarClass", "CarClass\CarClass.csproj", "{D7902202-1351-4433-856B-97192A7F6160}"
EndProject
Global
	GlobalSection(SolutionConfigurationPlatforms) = preSolution
		Debug|Any CPU = Debug|Any CPU
		Release|Any CPU = Release|Any CPU
	EndGlobalSection
	GlobalSection(ProjectConfigurationPlatforms) = postSolution
		{D7902202-1351-4433-856B-97192A7F6160}.Debug|Any CPU.ActiveCfg = Debug|Any CPU
		{D7902202-1351-4433-856B-97192A7F6160}.Debug|Any CPU.Build.0 = Debug|Any CPU
		{D7902202-1351-4433-856B-97192A7F6160}.Release|Any CPU.ActiveCfg = Release|Any CPU
		{D7902202-1351-4433-856B-97192A7F6160}.Release|Any CPU.Build.0 = Release|Any CPU
	EndGlobalSection
	GlobalSection(SolutionProperties) = preSolution
		HideSolutionNode = FALSE
	EndGlobalSection
	GlobalSection(ExtensibilityGlobals) = postSolution
		SolutionGuid = {A46BC2A0-41D3-4BD3-A409-66485A0F0BE9}
	EndGlobalSection
EndGlobal
