
Microsoft Visual Studio Solution File, Format Version 12.00
# Visual Studio 15
VisualStudioVersion = 15.0.28010.0
MinimumVisualStudioVersion = 10.0.40219.1
Project("{FAE04EC0-301F-11D3-BF4B-00C04F79EFBC}") = "calorie counter", "calorie counter\calorie counter.csproj", "{F05DA4C6-46DF-4613-97F4-B5827112201C}"
EndProject
Global
	GlobalSection(SolutionConfigurationPlatforms) = preSolution
		Debug|Any CPU = Debug|Any CPU
		Release|Any CPU = Release|Any CPU
	EndGlobalSection
	GlobalSection(ProjectConfigurationPlatforms) = postSolution
		{F05DA4C6-46DF-4613-97F4-B5827112201C}.Debug|Any CPU.ActiveCfg = Debug|Any CPU
		{F05DA4C6-46DF-4613-97F4-B5827112201C}.Debug|Any CPU.Build.0 = Debug|Any CPU
		{F05DA4C6-46DF-4613-97F4-B5827112201C}.Release|Any CPU.ActiveCfg = Release|Any CPU
		{F05DA4C6-46DF-4613-97F4-B5827112201C}.Release|Any CPU.Build.0 = Release|Any CPU
	EndGlobalSection
	GlobalSection(SolutionProperties) = preSolution
		HideSolutionNode = FALSE
	EndGlobalSection
	GlobalSection(ExtensibilityGlobals) = postSolution
		SolutionGuid = {C7BC4ED4-8B36-4373-8AEB-0C472B691741}
	EndGlobalSection
EndGlobal
