
Microsoft Visual Studio Solution File, Format Version 12.00
# Visual Studio 15
VisualStudioVersion = 15.0.27130.2010
MinimumVisualStudioVersion = 10.0.40219.1
Project("{FAE04EC0-301F-11D3-BF4B-00C04F79EFBC}") = "HelpDesk_HW", "HelpDesk_HW\HelpDesk_HW.csproj", "{2B512652-468F-4E64-8436-4FCC1E01BEC9}"
EndProject
Global
	GlobalSection(SolutionConfigurationPlatforms) = preSolution
		Debug|Any CPU = Debug|Any CPU
		Release|Any CPU = Release|Any CPU
	EndGlobalSection
	GlobalSection(ProjectConfigurationPlatforms) = postSolution
		{2B512652-468F-4E64-8436-4FCC1E01BEC9}.Debug|Any CPU.ActiveCfg = Debug|Any CPU
		{2B512652-468F-4E64-8436-4FCC1E01BEC9}.Debug|Any CPU.Build.0 = Debug|Any CPU
		{2B512652-468F-4E64-8436-4FCC1E01BEC9}.Release|Any CPU.ActiveCfg = Release|Any CPU
		{2B512652-468F-4E64-8436-4FCC1E01BEC9}.Release|Any CPU.Build.0 = Release|Any CPU
	EndGlobalSection
	GlobalSection(SolutionProperties) = preSolution
		HideSolutionNode = FALSE
	EndGlobalSection
	GlobalSection(ExtensibilityGlobals) = postSolution
		SolutionGuid = {077E8AAB-E6A7-46CB-912E-914FFF79EFF7}
	EndGlobalSection
EndGlobal
