
Microsoft Visual Studio Solution File, Format Version 12.00
# Visual Studio 15
VisualStudioVersion = 15.0.27130.2010
MinimumVisualStudioVersion = 10.0.40219.1
Project("{FAE04EC0-301F-11D3-BF4B-00C04F79EFBC}") = "StudentFileThreading", "StudentFileThreading\StudentFileThreading.csproj", "{5E21C5B8-2C0D-4811-8174-EF09E102CB3D}"
EndProject
Global
	GlobalSection(SolutionConfigurationPlatforms) = preSolution
		Debug|Any CPU = Debug|Any CPU
		Release|Any CPU = Release|Any CPU
	EndGlobalSection
	GlobalSection(ProjectConfigurationPlatforms) = postSolution
		{5E21C5B8-2C0D-4811-8174-EF09E102CB3D}.Debug|Any CPU.ActiveCfg = Debug|Any CPU
		{5E21C5B8-2C0D-4811-8174-EF09E102CB3D}.Debug|Any CPU.Build.0 = Debug|Any CPU
		{5E21C5B8-2C0D-4811-8174-EF09E102CB3D}.Release|Any CPU.ActiveCfg = Release|Any CPU
		{5E21C5B8-2C0D-4811-8174-EF09E102CB3D}.Release|Any CPU.Build.0 = Release|Any CPU
	EndGlobalSection
	GlobalSection(SolutionProperties) = preSolution
		HideSolutionNode = FALSE
	EndGlobalSection
	GlobalSection(ExtensibilityGlobals) = postSolution
		SolutionGuid = {FD802514-AA1D-4570-9D9E-930DBAD4762E}
	EndGlobalSection
EndGlobal
