
Microsoft Visual Studio Solution File, Format Version 12.00
# Visual Studio 15
VisualStudioVersion = 15.0.27130.2010
MinimumVisualStudioVersion = 10.0.40219.1
Project("{FAE04EC0-301F-11D3-BF4B-00C04F79EFBC}") = "personnelDatabase", "personnelDatabase\personnelDatabase.csproj", "{989D1774-0F00-4A8C-8380-AB1561E9669D}"
EndProject
Global
	GlobalSection(SolutionConfigurationPlatforms) = preSolution
		Debug|Any CPU = Debug|Any CPU
		Release|Any CPU = Release|Any CPU
	EndGlobalSection
	GlobalSection(ProjectConfigurationPlatforms) = postSolution
		{989D1774-0F00-4A8C-8380-AB1561E9669D}.Debug|Any CPU.ActiveCfg = Debug|Any CPU
		{989D1774-0F00-4A8C-8380-AB1561E9669D}.Debug|Any CPU.Build.0 = Debug|Any CPU
		{989D1774-0F00-4A8C-8380-AB1561E9669D}.Release|Any CPU.ActiveCfg = Release|Any CPU
		{989D1774-0F00-4A8C-8380-AB1561E9669D}.Release|Any CPU.Build.0 = Release|Any CPU
	EndGlobalSection
	GlobalSection(SolutionProperties) = preSolution
		HideSolutionNode = FALSE
	EndGlobalSection
	GlobalSection(ExtensibilityGlobals) = postSolution
		SolutionGuid = {A0957F59-851F-49C8-99C9-90FF19109298}
	EndGlobalSection
EndGlobal
