
Microsoft Visual Studio Solution File, Format Version 12.00
# Visual Studio 15
VisualStudioVersion = 15.0.27130.2010
MinimumVisualStudioVersion = 10.0.40219.1
Project("{FAE04EC0-301F-11D3-BF4B-00C04F79EFBC}") = "TicTacToeGame", "TicTacToeGame\TicTacToeGame.csproj", "{FBE7190D-69BE-4187-8D73-E40B3AF69B00}"
EndProject
Global
	GlobalSection(SolutionConfigurationPlatforms) = preSolution
		Debug|Any CPU = Debug|Any CPU
		Release|Any CPU = Release|Any CPU
	EndGlobalSection
	GlobalSection(ProjectConfigurationPlatforms) = postSolution
		{FBE7190D-69BE-4187-8D73-E40B3AF69B00}.Debug|Any CPU.ActiveCfg = Debug|Any CPU
		{FBE7190D-69BE-4187-8D73-E40B3AF69B00}.Debug|Any CPU.Build.0 = Debug|Any CPU
		{FBE7190D-69BE-4187-8D73-E40B3AF69B00}.Release|Any CPU.ActiveCfg = Release|Any CPU
		{FBE7190D-69BE-4187-8D73-E40B3AF69B00}.Release|Any CPU.Build.0 = Release|Any CPU
	EndGlobalSection
	GlobalSection(SolutionProperties) = preSolution
		HideSolutionNode = FALSE
	EndGlobalSection
	GlobalSection(ExtensibilityGlobals) = postSolution
		SolutionGuid = {54413C8B-10EF-4AD6-B1EE-76378027E703}
	EndGlobalSection
EndGlobal
